{
  "name": "app",
  "version": "1.0.0",
  "lockfileVersion": 1,
  "requires": true,
  "dependencies": {
    "@ant-design/colors": {
      "version": "7.0.0",
      "resolved": "https://registry.npmjs.org/@ant-design/colors/-/colors-7.0.0.tgz",
      "integrity": "sha512-iVm/9PfGCbC0dSMBrz7oiEXZaaGH7ceU40OJEfKmyuzR9R5CRimJYPlRiFtMQGQcbNMea/ePcoIebi4ASGYXtg==",
      "requires": {
        "@ctrl/tinycolor": "^3.4.0"
      }
    },
    "@ant-design/cssinjs": {
      "version": "1.17.2",
      "resolved": "https://registry.npmjs.org/@ant-design/cssinjs/-/cssinjs-1.17.2.tgz",
      "integrity": "sha512-vu7lnfEx4Mf8MPzZxn506Zen3Nt4fRr2uutwvdCuTCN5IiU0lDdQ0tiJ24/rmB8+pefwjluYsbyzbQSbgfJy+A==",
      "requires": {
        "@babel/runtime": "^7.11.1",
        "@emotion/hash": "^0.8.0",
        "@emotion/unitless": "^0.7.5",
        "classnames": "^2.3.1",
        "csstype": "^3.0.10",
        "rc-util": "^5.35.0",
        "stylis": "^4.0.13"
      }
    },
    "@ant-design/icons": {
      "version": "5.2.6",
      "resolved": "https://registry.npmjs.org/@ant-design/icons/-/icons-5.2.6.tgz",
      "integrity": "sha512-4wn0WShF43TrggskBJPRqCD0fcHbzTYjnaoskdiJrVHg86yxoZ8ZUqsXvyn4WUqehRiFKnaclOhqk9w4Ui2KVw==",
      "requires": {
        "@ant-design/colors": "^7.0.0",
        "@ant-design/icons-svg": "^4.3.0",
        "@babel/runtime": "^7.11.2",
        "classnames": "^2.2.6",
        "rc-util": "^5.31.1"
      }
    },
    "@ant-design/icons-svg": {
      "version": "4.3.1",
      "resolved": "https://registry.npmjs.org/@ant-design/icons-svg/-/icons-svg-4.3.1.tgz",
      "integrity": "sha512-4QBZg8ccyC6LPIRii7A0bZUk3+lEDCLnhB+FVsflGdcWPPmV+j3fire4AwwoqHV/BibgvBmR9ZIo4s867smv+g=="
    },
    "@ant-design/react-slick": {
      "version": "1.0.2",
      "resolved": "https://registry.npmjs.org/@ant-design/react-slick/-/react-slick-1.0.2.tgz",
      "integrity": "sha512-Wj8onxL/T8KQLFFiCA4t8eIRGpRR+UPgOdac2sYzonv+i0n3kXHmvHLLiOYL655DQx2Umii9Y9nNgL7ssu5haQ==",
      "requires": {
        "@babel/runtime": "^7.10.4",
        "classnames": "^2.2.5",
        "json2mq": "^0.2.0",
        "resize-observer-polyfill": "^1.5.1",
        "throttle-debounce": "^5.0.0"
      }
    },
    "@babel/parser": {
      "version": "7.23.0",
      "resolved": "https://registry.npmjs.org/@babel/parser/-/parser-7.23.0.tgz",
      "integrity": "sha512-vvPKKdMemU85V9WE/l5wZEmImpCtLqbnTvqDS2U1fJ96KrxoW7KrXhNsNCblQlg8Ck4b85yxdTyelsMUgFUXiw=="
    },
    "@babel/runtime": {
      "version": "7.23.2",
      "resolved": "https://registry.npmjs.org/@babel/runtime/-/runtime-7.23.2.tgz",
      "integrity": "sha512-mM8eg4yl5D6i3lu2QKPuPH4FArvJ8KhTofbE7jwMUv9KX5mBvwPAqnV3MlyBNqdp9RyRKP6Yck8TrfYrPvX3bg==",
      "requires": {
        "regenerator-runtime": "^0.14.0"
      }
    },
    "@ctrl/tinycolor": {
      "version": "3.6.1",
      "resolved": "https://registry.npmjs.org/@ctrl/tinycolor/-/tinycolor-3.6.1.tgz",
      "integrity": "sha512-SITSV6aIXsuVNV3f3O0f2n/cgyEDWoSqtZMYiAmcsYHydcKrOz3gUxB/iXd/Qf08+IZX4KpgNbvUdMBmWz+kcA=="
    },
    "@emotion/hash": {
      "version": "0.8.0",
      "resolved": "https://registry.npmjs.org/@emotion/hash/-/hash-0.8.0.tgz",
      "integrity": "sha512-kBJtf7PH6aWwZ6fka3zQ0p6SBYzx4fl1LoZXE2RrnYST9Xljm7WfKJrU4g/Xr3Beg72MLrp1AWNUmuYJTL7Cow=="
    },
    "@emotion/unitless": {
      "version": "0.7.5",
      "resolved": "https://registry.npmjs.org/@emotion/unitless/-/unitless-0.7.5.tgz",
      "integrity": "sha512-OWORNpfjMsSSUBVrRBVGECkhWcULOAJz9ZW8uK9qgxD+87M7jHRcvh/A96XXNhXTLmKcoYSQtBEX7lHMO7YRwg=="
    },
    "@rc-component/color-picker": {
      "version": "1.4.1",
      "resolved": "https://registry.npmjs.org/@rc-component/color-picker/-/color-picker-1.4.1.tgz",
      "integrity": "sha512-vh5EWqnsayZa/JwUznqDaPJz39jznx/YDbyBuVJntv735tKXKwEUZZb2jYEldOg+NKWZwtALjGMrNeGBmqFoEw==",
      "requires": {
        "@babel/runtime": "^7.10.1",
        "@ctrl/tinycolor": "^3.6.0",
        "classnames": "^2.2.6",
        "rc-util": "^5.30.0"
      }
    },
    "@rc-component/context": {
      "version": "1.4.0",
      "resolved": "https://registry.npmjs.org/@rc-component/context/-/context-1.4.0.tgz",
      "integrity": "sha512-kFcNxg9oLRMoL3qki0OMxK+7g5mypjgaaJp/pkOis/6rVxma9nJBF/8kCIuTYHUQNr0ii7MxqE33wirPZLJQ2w==",
      "requires": {
        "@babel/runtime": "^7.10.1",
        "rc-util": "^5.27.0"
      }
    },
    "@rc-component/mini-decimal": {
      "version": "1.1.0",
      "resolved": "https://registry.npmjs.org/@rc-component/mini-decimal/-/mini-decimal-1.1.0.tgz",
      "integrity": "sha512-jS4E7T9Li2GuYwI6PyiVXmxTiM6b07rlD9Ge8uGZSCz3WlzcG5ZK7g5bbuKNeZ9pgUuPK/5guV781ujdVpm4HQ==",
      "requires": {
        "@babel/runtime": "^7.18.0"
      }
    },
    "@rc-component/mutate-observer": {
      "version": "1.1.0",
      "resolved": "https://registry.npmjs.org/@rc-component/mutate-observer/-/mutate-observer-1.1.0.tgz",
      "integrity": "sha512-QjrOsDXQusNwGZPf4/qRQasg7UFEj06XiCJ8iuiq/Io7CrHrgVi6Uuetw60WAMG1799v+aM8kyc+1L/GBbHSlw==",
      "requires": {
        "@babel/runtime": "^7.18.0",
        "classnames": "^2.3.2",
        "rc-util": "^5.24.4"
      }
    },
    "@rc-component/portal": {
      "version": "1.1.2",
      "resolved": "https://registry.npmjs.org/@rc-component/portal/-/portal-1.1.2.tgz",
      "integrity": "sha512-6f813C0IsasTZms08kfA8kPAGxbbkYToa8ALaiDIGGECU4i9hj8Plgbx0sNJDrey3EtHO30hmdaxtT0138xZcg==",
      "requires": {
        "@babel/runtime": "^7.18.0",
        "classnames": "^2.3.2",
        "rc-util": "^5.24.4"
      }
    },
    "@rc-component/tour": {
      "version": "1.10.0",
      "resolved": "https://registry.npmjs.org/@rc-component/tour/-/tour-1.10.0.tgz",
      "integrity": "sha512-voV0BKaTJbewB9LLgAHQ7tAGG7rgDkKQkZo82xw2gIk542hY+o7zwoqdN16oHhIKk7eG/xi+mdXrONT62Dt57A==",
      "requires": {
        "@babel/runtime": "^7.18.0",
        "@rc-component/portal": "^1.0.0-9",
        "@rc-component/trigger": "^1.3.6",
        "classnames": "^2.3.2",
        "rc-util": "^5.24.4"
      }
    },
    "@rc-component/trigger": {
      "version": "1.17.1",
      "resolved": "https://registry.npmjs.org/@rc-component/trigger/-/trigger-1.17.1.tgz",
      "integrity": "sha512-ocD6GlyrPMtWfSdGmfURpudj6ZQqykG/+GH9QVhziG/0EtpPqK5FUbptwXDJGBJwvKhk4Z6jhxJE7utH464SgQ==",
      "requires": {
        "@babel/runtime": "^7.23.2",
        "@rc-component/portal": "^1.1.0",
        "classnames": "^2.3.2",
        "rc-motion": "^2.0.0",
        "rc-resize-observer": "^1.3.1",
        "rc-util": "^5.38.0"
      }
    },
    "@sindresorhus/is": {
      "version": "4.6.0",
      "resolved": "https://registry.npmjs.org/@sindresorhus/is/-/is-4.6.0.tgz",
      "integrity": "sha512-t09vSN3MdfsyCHoFcTRCH/iUtG7OJ0CsjzB8cjAmKc/va/kIgeDI/TxsigdncE/4be734m0cvIYwNaV4i2XqAw=="
    },
    "@szmarczak/http-timer": {
      "version": "4.0.6",
      "resolved": "https://registry.npmjs.org/@szmarczak/http-timer/-/http-timer-4.0.6.tgz",
      "integrity": "sha512-4BAffykYOgO+5nzBWYwE3W90sBgLJoUPRWWcL8wlyiM8IB8ipJz3UMJ9KXQd1RKQXpKp8Tutn80HZtWsu2u76w==",
      "requires": {
        "defer-to-connect": "^2.0.0"
      }
    },
    "@types/cacheable-request": {
      "version": "6.0.3",
      "resolved": "https://registry.npmjs.org/@types/cacheable-request/-/cacheable-request-6.0.3.tgz",
      "integrity": "sha512-IQ3EbTzGxIigb1I3qPZc1rWJnH0BmSKv5QYTalEwweFvyBDLSAe24zP0le/hyi7ecGfZVlIVAg4BZqb8WBwKqw==",
      "requires": {
        "@types/http-cache-semantics": "*",
        "@types/keyv": "^3.1.4",
        "@types/node": "*",
        "@types/responselike": "^1.0.0"
      }
    },
    "@types/http-cache-semantics": {
      "version": "4.0.2",
      "resolved": "https://registry.npmjs.org/@types/http-cache-semantics/-/http-cache-semantics-4.0.2.tgz",
      "integrity": "sha512-FD+nQWA2zJjh4L9+pFXqWOi0Hs1ryBCfI+985NjluQ1p8EYtoLvjLOKidXBtZ4/IcxDX4o8/E8qDS3540tNliw=="
    },
    "@types/keyv": {
      "version": "3.1.4",
      "resolved": "https://registry.npmjs.org/@types/keyv/-/keyv-3.1.4.tgz",
      "integrity": "sha512-BQ5aZNSCpj7D6K2ksrRCTmKRLEpnPvWDiLPfoGyhZ++8YtiK9d/3DBKPJgry359X/P1PfruyYwvnvwFjuEiEIg==",
      "requires": {
        "@types/node": "*"
      }
    },
    "@types/node": {
      "version": "20.8.6",
      "resolved": "https://registry.npmjs.org/@types/node/-/node-20.8.6.tgz",
      "integrity": "sha512-eWO4K2Ji70QzKUqRy6oyJWUeB7+g2cRagT3T/nxYibYcT4y2BDL8lqolRXjTHmkZCdJfIPaY73KbJAZmcryxTQ==",
      "requires": {
        "undici-types": "~5.25.1"
      }
    },
    "@types/responselike": {
      "version": "1.0.1",
      "resolved": "https://registry.npmjs.org/@types/responselike/-/responselike-1.0.1.tgz",
      "integrity": "sha512-TiGnitEDxj2X0j+98Eqk5lv/Cij8oHd32bU4D/Yw6AOq7vvTk0gSD2GPj0G/HkvhMoVsdlhYF4yqqlyPBTM6Sg==",
      "requires": {
        "@types/node": "*"
      }
    },
    "@vue/compiler-sfc": {
      "version": "2.7.14",
      "resolved": "https://registry.npmjs.org/@vue/compiler-sfc/-/compiler-sfc-2.7.14.tgz",
      "integrity": "sha512-aNmNHyLPsw+sVvlQFQ2/8sjNuLtK54TC6cuKnVzAY93ks4ZBrvwQSnkkIh7bsbNhum5hJBS00wSDipQ937f5DA==",
      "requires": {
        "@babel/parser": "^7.18.4",
        "postcss": "^8.4.14",
        "source-map": "^0.6.1"
      }
    },
    "antd": {
      "version": "5.10.1",
      "resolved": "https://registry.npmjs.org/antd/-/antd-5.10.1.tgz",
      "integrity": "sha512-alcBmeH4oAdmEdBs6EORH3onRFRjGYRkWtVjPyJxlTIfLILb/+S5Y+ZqisV3AobC8mlj6T3RV8aKG9ic6PgtzQ==",
      "requires": {
        "@ant-design/colors": "^7.0.0",
        "@ant-design/cssinjs": "^1.17.2",
        "@ant-design/icons": "^5.2.6",
        "@ant-design/react-slick": "~1.0.2",
        "@babel/runtime": "^7.18.3",
        "@ctrl/tinycolor": "^3.6.1",
        "@rc-component/color-picker": "~1.4.1",
        "@rc-component/mutate-observer": "^1.1.0",
        "@rc-component/tour": "~1.10.0",
        "@rc-component/trigger": "^1.17.0",
        "classnames": "^2.2.6",
        "copy-to-clipboard": "^3.2.0",
        "dayjs": "^1.11.1",
        "qrcode.react": "^3.1.0",
        "rc-cascader": "~3.18.1",
        "rc-checkbox": "~3.1.0",
        "rc-collapse": "~3.7.1",
        "rc-dialog": "~9.3.3",
        "rc-drawer": "~6.5.2",
        "rc-dropdown": "~4.1.0",
        "rc-field-form": "~1.39.0",
        "rc-image": "~7.3.1",
        "rc-input": "~1.2.1",
        "rc-input-number": "~8.1.0",
        "rc-mentions": "~2.8.0",
        "rc-menu": "~9.12.2",
        "rc-motion": "^2.9.0",
        "rc-notification": "~5.2.0",
        "rc-pagination": "~3.6.1",
        "rc-picker": "~3.14.5",
        "rc-progress": "~3.5.1",
        "rc-rate": "~2.12.0",
        "rc-resize-observer": "^1.3.1",
        "rc-segmented": "~2.2.2",
        "rc-select": "~14.9.1",
        "rc-slider": "~10.3.0",
        "rc-steps": "~6.0.1",
        "rc-switch": "~4.1.0",
        "rc-table": "~7.34.4",
        "rc-tabs": "~12.12.1",
        "rc-textarea": "~1.4.0",
        "rc-tooltip": "~6.1.1",
        "rc-tree": "~5.7.12",
        "rc-tree-select": "~5.13.0",
        "rc-upload": "~4.3.5",
        "rc-util": "^5.38.0",
        "scroll-into-view-if-needed": "^3.0.3",
        "throttle-debounce": "^5.0.0"
      }
    },
    "array-find-index": {
      "version": "1.0.2",
      "resolved": "https://registry.npmjs.org/array-find-index/-/array-find-index-1.0.2.tgz",
      "integrity": "sha512-M1HQyIXcBGtVywBt8WVdim+lrNaK7VHp99Qt5pSNziXznKHViIBbXWtfRTpEFpF/c4FdfxNAsCCwPp5phBYJtw=="
    },
    "array-tree-filter": {
      "version": "2.1.0",
      "resolved": "https://registry.npmjs.org/array-tree-filter/-/array-tree-filter-2.1.0.tgz",
      "integrity": "sha512-4ROwICNlNw/Hqa9v+rk5h22KjmzB1JGTMVKP2AKJBOCgb0yL0ASf0+YvCcLNNwquOHNX48jkeZIJ3a+oOQqKcw=="
    },
    "async-validator": {
      "version": "4.2.5",
      "resolved": "https://registry.npmjs.org/async-validator/-/async-validator-4.2.5.tgz",
      "integrity": "sha512-7HhHjtERjqlNbZtqNqy2rckN/SpOOlmDliet+lP7k+eKZEjPk3DgyeU9lIXLdeLz0uBbbVp+9Qdow9wJWgwwfg=="
    },
    "cacheable-lookup": {
      "version": "5.0.4",
      "resolved": "https://registry.npmjs.org/cacheable-lookup/-/cacheable-lookup-5.0.4.tgz",
      "integrity": "sha512-2/kNscPhpcxrOigMZzbiWF7dz8ilhb/nIHU3EyZiXWXpeq/au8qJ8VhdftMkty3n7Gj6HIGalQG8oiBNB3AJgA=="
    },
    "cacheable-request": {
      "version": "7.0.4",
      "resolved": "https://registry.npmjs.org/cacheable-request/-/cacheable-request-7.0.4.tgz",
      "integrity": "sha512-v+p6ongsrp0yTGbJXjgxPow2+DL93DASP4kXCDKb8/bwRtt9OEF3whggkkDkGNzgcWy2XaF4a8nZglC7uElscg==",
      "requires": {
        "clone-response": "^1.0.2",
        "get-stream": "^5.1.0",
        "http-cache-semantics": "^4.0.0",
        "keyv": "^4.0.0",
        "lowercase-keys": "^2.0.0",
        "normalize-url": "^6.0.1",
        "responselike": "^2.0.0"
      }
    },
    "charenc": {
      "version": "0.0.2",
      "resolved": "https://registry.npmjs.org/charenc/-/charenc-0.0.2.tgz",
      "integrity": "sha512-yrLQ/yVUFXkzg7EDQsPieE/53+0RlaWTs+wBrvW36cyilJ2SaDWfl4Yj7MtLTXleV9uEKefbAGUPv2/iWSooRA=="
    },
    "classnames": {
      "version": "2.3.2",
      "resolved": "https://registry.npmjs.org/classnames/-/classnames-2.3.2.tgz",
      "integrity": "sha512-CSbhY4cFEJRe6/GQzIk5qXZ4Jeg5pcsP7b5peFSDpffpe1cqjASH/n9UTjBwOp6XpMSTwQ8Za2K5V02ueA7Tmw=="
    },
    "clone-response": {
      "version": "1.0.3",
      "resolved": "https://registry.npmjs.org/clone-response/-/clone-response-1.0.3.tgz",
      "integrity": "sha512-ROoL94jJH2dUVML2Y/5PEDNaSHgeOdSDicUyS7izcF63G6sTc/FTjLub4b8Il9S8S0beOfYt0TaA5qvFK+w0wA==",
      "requires": {
        "mimic-response": "^1.0.0"
      }
    },
    "compute-scroll-into-view": {
      "version": "3.1.0",
      "resolved": "https://registry.npmjs.org/compute-scroll-into-view/-/compute-scroll-into-view-3.1.0.tgz",
      "integrity": "sha512-rj8l8pD4bJ1nx+dAkMhV1xB5RuZEyVysfxJqB1pRchh1KVvwOv9b7CGB8ZfjTImVv2oF+sYMUkMZq6Na5Ftmbg=="
    },
    "copy-to-clipboard": {
      "version": "3.3.3",
      "resolved": "https://registry.npmjs.org/copy-to-clipboard/-/copy-to-clipboard-3.3.3.tgz",
      "integrity": "sha512-2KV8NhB5JqC3ky0r9PMCAZKbUHSwtEo4CwCs0KXgruG43gX5PMqDEBbVU4OUzw2MuAWUfsuFmWvEKG5QRfSnJA==",
      "requires": {
        "toggle-selection": "^1.0.6"
      }
    },
    "crypt": {
      "version": "0.0.2",
      "resolved": "https://registry.npmjs.org/crypt/-/crypt-0.0.2.tgz",
      "integrity": "sha512-mCxBlsHFYh9C+HVpiEacem8FEBnMXgU9gy4zmNC+SXAZNB/1idgp/aulFJ4FgCi7GPEVbfyng092GqL2k2rmow=="
    },
    "csstype": {
      "version": "3.1.2",
      "resolved": "https://registry.npmjs.org/csstype/-/csstype-3.1.2.tgz",
      "integrity": "sha512-I7K1Uu0MBPzaFKg4nI5Q7Vs2t+3gWWW648spaF+Rg7pI9ds18Ugn+lvg4SHczUdKlHI5LWBXyqfS8+DufyBsgQ=="
    },
    "dayjs": {
      "version": "1.11.10",
      "resolved": "https://registry.npmjs.org/dayjs/-/dayjs-1.11.10.tgz",
      "integrity": "sha512-vjAczensTgRcqDERK0SR2XMwsF/tSvnvlv6VcF2GIhg6Sx4yOIt/irsr1RDJsKiIyBzJDpCoXiWWq28MqH2cnQ=="
    },
    "decompress-response": {
      "version": "6.0.0",
      "resolved": "https://registry.npmjs.org/decompress-response/-/decompress-response-6.0.0.tgz",
      "integrity": "sha512-aW35yZM6Bb/4oJlZncMH2LCoZtJXTRxES17vE3hoRiowU2kWHaJKFkSBDnDR+cm9J+9QhXmREyIfv0pji9ejCQ==",
      "requires": {
        "mimic-response": "^3.1.0"
      },
      "dependencies": {
        "mimic-response": {
          "version": "3.1.0",
          "resolved": "https://registry.npmjs.org/mimic-response/-/mimic-response-3.1.0.tgz",
          "integrity": "sha512-z0yWI+4FDrrweS8Zmt4Ej5HdJmky15+L2e6Wgn3+iK5fWzb6T3fhNFq2+MeTRb064c6Wr4N/wv0DzQTjNzHNGQ=="
        }
      }
    },
    "defer-to-connect": {
      "version": "2.0.1",
      "resolved": "https://registry.npmjs.org/defer-to-connect/-/defer-to-connect-2.0.1.tgz",
      "integrity": "sha512-4tvttepXG1VaYGrRibk5EwJd1t4udunSOVMdLSAL6mId1ix438oPwPZMALY41FCijukO1L0twNcGsdzS7dHgDg=="
    },
    "end-of-stream": {
      "version": "1.4.4",
      "resolved": "https://registry.npmjs.org/end-of-stream/-/end-of-stream-1.4.4.tgz",
      "integrity": "sha512-+uw1inIHVPQoaVuHzRyXd21icM+cnt4CzD5rW+NC1wjOUSTOs+Te7FOv7AhN7vS9x/oIyhLP5PR1H+phQAHu5Q==",
      "requires": {
        "once": "^1.4.0"
      }
    },
    "get-stream": {
      "version": "5.2.0",
      "resolved": "https://registry.npmjs.org/get-stream/-/get-stream-5.2.0.tgz",
      "integrity": "sha512-nBF+F1rAZVCu/p7rjzgA+Yb4lfYXrpl7a6VmJrU8wF9I1CKvP/QwPNZHnOlwbTkY6dvtFIzFMSyQXbLoTQPRpA==",
      "requires": {
        "pump": "^3.0.0"
      }
    },
    "got": {
      "version": "11.8.6",
      "resolved": "https://registry.npmjs.org/got/-/got-11.8.6.tgz",
      "integrity": "sha512-6tfZ91bOr7bOXnK7PRDCGBLa1H4U080YHNaAQ2KsMGlLEzRbk44nsZF2E1IeRc3vtJHPVbKCYgdFbaGO2ljd8g==",
      "requires": {
        "@sindresorhus/is": "^4.0.0",
        "@szmarczak/http-timer": "^4.0.5",
        "@types/cacheable-request": "^6.0.1",
        "@types/responselike": "^1.0.0",
        "cacheable-lookup": "^5.0.3",
        "cacheable-request": "^7.0.2",
        "decompress-response": "^6.0.0",
        "http2-wrapper": "^1.0.0-beta.5.2",
        "lowercase-keys": "^2.0.0",
        "p-cancelable": "^2.0.0",
        "responselike": "^2.0.0"
      }
    },
    "http-cache-semantics": {
      "version": "4.1.1",
      "resolved": "https://registry.npmjs.org/http-cache-semantics/-/http-cache-semantics-4.1.1.tgz",
      "integrity": "sha512-er295DKPVsV82j5kw1Gjt+ADA/XYHsajl82cGNQG2eyoPkvgUhX+nDIyelzhIWbbsXP39EHcI6l5tYs2FYqYXQ=="
    },
    "http2-wrapper": {
      "version": "1.0.3",
      "resolved": "https://registry.npmjs.org/http2-wrapper/-/http2-wrapper-1.0.3.tgz",
      "integrity": "sha512-V+23sDMr12Wnz7iTcDeJr3O6AIxlnvT/bmaAAAP/Xda35C90p9599p0F1eHR/N1KILWSoWVAiOMFjBBXaXSMxg==",
      "requires": {
        "quick-lru": "^5.1.1",
        "resolve-alpn": "^1.0.0"
      }
    },
    "is-buffer": {
      "version": "1.1.6",
      "resolved": "https://registry.npmjs.org/is-buffer/-/is-buffer-1.1.6.tgz",
      "integrity": "sha512-NcdALwpXkTm5Zvvbk7owOUSvVvBKDgKP5/ewfXEznmQFfs4ZRmanOeKBTjRVjka3QFoN6XJ+9F3USqfHqTaU5w=="
    },
    "js-cookie": {
      "version": "2.2.1",
      "resolved": "https://registry.npmjs.org/js-cookie/-/js-cookie-2.2.1.tgz",
      "integrity": "sha512-HvdH2LzI/EAZcUwA8+0nKNtWHqS+ZmijLA30RwZA0bo7ToCckjK5MkGhjED9KoRcXO6BaGI3I9UIzSA1FKFPOQ=="
    },
    "json-buffer": {
      "version": "3.0.1",
      "resolved": "https://registry.npmjs.org/json-buffer/-/json-buffer-3.0.1.tgz",
      "integrity": "sha512-4bV5BfR2mqfQTJm+V5tPPdf+ZpuhiIvTuAB5g8kcrXOZpTT/QwwVRWBywX1ozr6lEuPdbHxwaJlm9G6mI2sfSQ=="
    },
    "json2mq": {
      "version": "0.2.0",
      "resolved": "https://registry.npmjs.org/json2mq/-/json2mq-0.2.0.tgz",
      "integrity": "sha512-SzoRg7ux5DWTII9J2qkrZrqV1gt+rTaoufMxEzXbS26Uid0NwaJd123HcoB80TgubEppxxIGdNxCx50fEoEWQA==",
      "requires": {
        "string-convert": "^0.2.0"
      }
    },
    "keyv": {
      "version": "4.5.4",
      "resolved": "https://registry.npmjs.org/keyv/-/keyv-4.5.4.tgz",
      "integrity": "sha512-oxVHkHR/EJf2CNXnWxRLW6mg7JyCCUcG0DtEGmL2ctUo1PNTin1PUil+r/+4r5MpVgC/fn1kjsx7mjSujKqIpw==",
      "requires": {
        "json-buffer": "3.0.1"
      }
    },
    "lowercase-keys": {
      "version": "2.0.0",
      "resolved": "https://registry.npmjs.org/lowercase-keys/-/lowercase-keys-2.0.0.tgz",
      "integrity": "sha512-tqNXrS78oMOE73NMxK4EMLQsQowWf8jKooH9g7xPavRT706R6bkQJ6DY2Te7QukaZsulxa30wQ7bk0pm4XiHmA=="
    },
    "md5": {
      "version": "2.3.0",
      "resolved": "https://registry.npmjs.org/md5/-/md5-2.3.0.tgz",
      "integrity": "sha512-T1GITYmFaKuO91vxyoQMFETst+O71VUPEU3ze5GNzDm0OWdP8v1ziTaAEPUr/3kLsY3Sftgz242A1SetQiDL7g==",
      "requires": {
        "charenc": "0.0.2",
        "crypt": "0.0.2",
        "is-buffer": "~1.1.6"
      }
    },
    "mimic-response": {
      "version": "1.0.1",
      "resolved": "https://registry.npmjs.org/mimic-response/-/mimic-response-1.0.1.tgz",
      "integrity": "sha512-j5EctnkH7amfV/q5Hgmoal1g2QHFJRraOtmx0JpIqkxhBhI/lJSl1nMpQ45hVarwNETOoWEimndZ4QK0RHxuxQ=="
    },
    "mint-ui": {
      "version": "2.2.13",
      "resolved": "https://registry.npmjs.org/mint-ui/-/mint-ui-2.2.13.tgz",
      "integrity": "sha512-Xz1SFagHSzKOprwQv3fcekXT5RJvhh939zwZHcWeazk1OJrCjsD4I2qm49AEUCfT1AoYzC+rsZIwGP/J6LwVVw==",
      "requires": {
        "array-find-index": "^1.0.2",
        "raf.js": "0.0.4",
        "vue-lazyload": "^1.0.1"
      }
    },
    "nanoid": {
      "version": "3.3.6",
      "resolved": "https://registry.npmjs.org/nanoid/-/nanoid-3.3.6.tgz",
      "integrity": "sha512-BGcqMMJuToF7i1rt+2PWSNVnWIkGCU78jBG3RxO/bZlnZPK2Cmi2QaffxGO/2RvWi9sL+FAiRiXMgsyxQ1DIDA=="
    },
    "normalize-url": {
      "version": "6.1.0",
      "resolved": "https://registry.npmjs.org/normalize-url/-/normalize-url-6.1.0.tgz",
      "integrity": "sha512-DlL+XwOy3NxAQ8xuC0okPgK46iuVNAK01YN7RueYBqqFeGsBjV9XmCAzAdgt+667bCl5kPh9EqKKDwnaPG1I7A=="
    },
    "once": {
      "version": "1.4.0",
      "resolved": "https://registry.npmjs.org/once/-/once-1.4.0.tgz",
      "integrity": "sha512-lNaJgI+2Q5URQBkccEKHTQOPaXdUxnZZElQTZY0MFUAuaEqe1E+Nyvgdz/aIyNi6Z9MzO5dv1H8n58/GELp3+w==",
      "requires": {
        "wrappy": "1"
      }
    },
    "p-cancelable": {
      "version": "2.1.1",
      "resolved": "https://registry.npmjs.org/p-cancelable/-/p-cancelable-2.1.1.tgz",
      "integrity": "sha512-BZOr3nRQHOntUjTrH8+Lh54smKHoHyur8We1V8DSMVrl5A2malOOwuJRnKRDjSnkoeBh4at6BwEnb5I7Jl31wg=="
    },
    "picocolors": {
      "version": "1.0.0",
      "resolved": "https://registry.npmjs.org/picocolors/-/picocolors-1.0.0.tgz",
      "integrity": "sha512-1fygroTLlHu66zi26VoTDv8yRgm0Fccecssto+MhsZ0D/DGW2sm8E8AjW7NU5VVTRt5GxbeZ5qBuJr+HyLYkjQ=="
    },
    "postcss": {
      "version": "8.4.31",
      "resolved": "https://registry.npmjs.org/postcss/-/postcss-8.4.31.tgz",
      "integrity": "sha512-PS08Iboia9mts/2ygV3eLpY5ghnUcfLV/EXTOW1E2qYxJKGGBUtNjN76FYHnMs36RmARn41bC0AZmn+rR0OVpQ==",
      "requires": {
        "nanoid": "^3.3.6",
        "picocolors": "^1.0.0",
        "source-map-js": "^1.0.2"
      }
    },
    "pump": {
      "version": "3.0.0",
      "resolved": "https://registry.npmjs.org/pump/-/pump-3.0.0.tgz",
      "integrity": "sha512-LwZy+p3SFs1Pytd/jYct4wpv49HiYCqd9Rlc5ZVdk0V+8Yzv6jR5Blk3TRmPL1ft69TxP0IMZGJ+WPFU2BFhww==",
      "requires": {
        "end-of-stream": "^1.1.0",
        "once": "^1.3.1"
      }
    },
    "qrcode.react": {
      "version": "3.1.0",
      "resolved": "https://registry.npmjs.org/qrcode.react/-/qrcode.react-3.1.0.tgz",
      "integrity": "sha512-oyF+Urr3oAMUG/OiOuONL3HXM+53wvuH3mtIWQrYmsXoAq0DkvZp2RYUWFSMFtbdOpuS++9v+WAkzNVkMlNW6Q=="
    },
    "quick-lru": {
      "version": "5.1.1",
      "resolved": "https://registry.npmjs.org/quick-lru/-/quick-lru-5.1.1.tgz",
      "integrity": "sha512-WuyALRjWPDGtt/wzJiadO5AXY+8hZ80hVpe6MyivgraREW751X3SbhRvG3eLKOYN+8VEvqLcf3wdnt44Z4S4SA=="
    },
    "raf.js": {
      "version": "0.0.4",
      "resolved": "https://registry.npmjs.org/raf.js/-/raf.js-0.0.4.tgz",
      "integrity": "sha512-1239iw+nLUd8xbAQFQlbNEONJGAe6JQpMnSp0HTqODymjE4rGLXx+c9KaOlIldSoryVGU522NaqMn8GGBex+ZA=="
    },
    "rc-cascader": {
      "version": "3.18.1",
      "resolved": "https://registry.npmjs.org/rc-cascader/-/rc-cascader-3.18.1.tgz",
      "integrity": "sha512-M7Xr5Fs/E87ZGustfObtBYQjsvBCET0UX2JYXB2GmOP+2fsZgjaRGXK+CJBmmWXQ6o4OFinpBQBXG4wJOQ5MEg==",
      "requires": {
        "@babel/runtime": "^7.12.5",
        "array-tree-filter": "^2.1.0",
        "classnames": "^2.3.1",
        "rc-select": "~14.9.0",
        "rc-tree": "~5.7.0",
        "rc-util": "^5.35.0"
      }
    },
    "rc-checkbox": {
      "version": "3.1.0",
      "resolved": "https://registry.npmjs.org/rc-checkbox/-/rc-checkbox-3.1.0.tgz",
      "integrity": "sha512-PAwpJFnBa3Ei+5pyqMMXdcKYKNBMS+TvSDiLdDnARnMJHC8ESxwPfm4Ao1gJiKtWLdmGfigascnCpwrHFgoOBQ==",
      "requires": {
        "@babel/runtime": "^7.10.1",
        "classnames": "^2.3.2",
        "rc-util": "^5.25.2"
      }
    },
    "rc-collapse": {
      "version": "3.7.1",
      "resolved": "https://registry.npmjs.org/rc-collapse/-/rc-collapse-3.7.1.tgz",
      "integrity": "sha512-N/7ejyiTf3XElNJBBpxqnZBUuMsQWEOPjB2QkfNvZ/Ca54eAvJXuOD1EGbCWCk2m7v/MSxku7mRpdeaLOCd4Gg==",
      "requires": {
        "@babel/runtime": "^7.10.1",
        "classnames": "2.x",
        "rc-motion": "^2.3.4",
        "rc-util": "^5.27.0"
      }
    },
    "rc-dialog": {
      "version": "9.3.3",
      "resolved": "https://registry.npmjs.org/rc-dialog/-/rc-dialog-9.3.3.tgz",
      "integrity": "sha512-OpgzE0wq55ebN8TL/ZPc+MLY6qXswEuZg2/3uX3+lqjxUnVaH78PyntpJwqY+3BJdQkDj28XeXYRVY6gXQ8fNg==",
      "requires": {
        "@babel/runtime": "^7.10.1",
        "@rc-component/portal": "^1.0.0-8",
        "classnames": "^2.2.6",
        "rc-motion": "^2.3.0",
        "rc-util": "^5.21.0"
      }
    },
    "rc-drawer": {
      "version": "6.5.2",
      "resolved": "https://registry.npmjs.org/rc-drawer/-/rc-drawer-6.5.2.tgz",
      "integrity": "sha512-QckxAnQNdhh4vtmKN0ZwDf3iakO83W9eZcSKWYYTDv4qcD2fHhRAZJJ/OE6v2ZlQ2kSqCJX5gYssF4HJFvsEPQ==",
      "requires": {
        "@babel/runtime": "^7.10.1",
        "@rc-component/portal": "^1.1.1",
        "classnames": "^2.2.6",
        "rc-motion": "^2.6.1",
        "rc-util": "^5.36.0"
      }
    },
    "rc-dropdown": {
      "version": "4.1.0",
      "resolved": "https://registry.npmjs.org/rc-dropdown/-/rc-dropdown-4.1.0.tgz",
      "integrity": "sha512-VZjMunpBdlVzYpEdJSaV7WM7O0jf8uyDjirxXLZRNZ+tAC+NzD3PXPEtliFwGzVwBBdCmGuSqiS9DWcOLxQ9tw==",
      "requires": {
        "@babel/runtime": "^7.18.3",
        "@rc-component/trigger": "^1.7.0",
        "classnames": "^2.2.6",
        "rc-util": "^5.17.0"
      }
    },
    "rc-field-form": {
      "version": "1.39.0",
      "resolved": "https://registry.npmjs.org/rc-field-form/-/rc-field-form-1.39.0.tgz",
      "integrity": "sha512-V7Wk7uji1jBsUGGgP788H9rpFy55HLiD4lywTlktUGjK7EgW5dt+mq1MPbtCpPRMzs83vZBW4SOChOmCACz4WA==",
      "requires": {
        "@babel/runtime": "^7.18.0",
        "async-validator": "^4.1.0",
        "rc-util": "^5.32.2"
      }
    },
    "rc-image": {
      "version": "7.3.1",
      "resolved": "https://registry.npmjs.org/rc-image/-/rc-image-7.3.1.tgz",
      "integrity": "sha512-Tu3vcUyMHa6zxTiQRzHt1glbGwuNWzeQBG9O6qIdy/+1ue0Qb70it+jUct1YPVNkJa/QfaTfUhmsNsqrw7mgsg==",
      "requires": {
        "@babel/runtime": "^7.11.2",
        "@rc-component/portal": "^1.0.2",
        "classnames": "^2.2.6",
        "rc-dialog": "~9.3.0",
        "rc-motion": "^2.6.2",
        "rc-util": "^5.34.1"
      }
    },
    "rc-input": {
      "version": "1.2.1",
      "resolved": "https://registry.npmjs.org/rc-input/-/rc-input-1.2.1.tgz",
      "integrity": "sha512-nQRmBvEFoGi+SNRDavccZ8ueyhFgmxkWqIt4aDyuNJgUZF12HJKIwDhAafUM7N+g7PyuW9FH3pf3zPHzdiCWbA==",
      "requires": {
        "@babel/runtime": "^7.11.1",
        "classnames": "^2.2.1",
        "rc-util": "^5.18.1"
      }
    },
    "rc-input-number": {
      "version": "8.1.0",
      "resolved": "https://registry.npmjs.org/rc-input-number/-/rc-input-number-8.1.0.tgz",
      "integrity": "sha512-bdHgduOxuN0lrhzgPmoKbhRD4GLIzVcddVz972/JHPHr7oLwPX5xDb9w4bXhuMzyT2VzQy7nggRCfH3yAl09oA==",
      "requires": {
        "@babel/runtime": "^7.10.1",
        "@rc-component/mini-decimal": "^1.0.1",
        "classnames": "^2.2.5",
        "rc-input": "~1.2.1",
        "rc-util": "^5.28.0"
      }
    },
    "rc-mentions": {
      "version": "2.8.0",
      "resolved": "https://registry.npmjs.org/rc-mentions/-/rc-mentions-2.8.0.tgz",
      "integrity": "sha512-LBMkO6bSGhEvS1CvMK978qGN82tI+mzk7l/uTiQJH+UDiwpvq+pxK4DxU5b6Q1T5LW6bn2pSua9RaZKZrDoBOw==",
      "requires": {
        "@babel/runtime": "^7.22.5",
        "@rc-component/trigger": "^1.5.0",
        "classnames": "^2.2.6",
        "rc-input": "~1.2.1",
        "rc-menu": "~9.12.0",
        "rc-textarea": "~1.4.0",
        "rc-util": "^5.34.1"
      }
    },
    "rc-menu": {
      "version": "9.12.2",
      "resolved": "https://registry.npmjs.org/rc-menu/-/rc-menu-9.12.2.tgz",
      "integrity": "sha512-NzloFH2pRUYmQ3S/YbJAvRkgCZaLvq0sRa5rgJtuIHLfPPprNHNyepeSlT64+dbVqI4qRWL44VN0lUCldCbbfg==",
      "requires": {
        "@babel/runtime": "^7.10.1",
        "@rc-component/trigger": "^1.17.0",
        "classnames": "2.x",
        "rc-motion": "^2.4.3",
        "rc-overflow": "^1.3.1",
        "rc-util": "^5.27.0"
      }
    },
    "rc-motion": {
      "version": "2.9.0",
      "resolved": "https://registry.npmjs.org/rc-motion/-/rc-motion-2.9.0.tgz",
      "integrity": "sha512-XIU2+xLkdIr1/h6ohPZXyPBMvOmuyFZQ/T0xnawz+Rh+gh4FINcnZmMT5UTIj6hgI0VLDjTaPeRd+smJeSPqiQ==",
      "requires": {
        "@babel/runtime": "^7.11.1",
        "classnames": "^2.2.1",
        "rc-util": "^5.21.0"
      }
    },
    "rc-notification": {
      "version": "5.2.0",
      "resolved": "https://registry.npmjs.org/rc-notification/-/rc-notification-5.2.0.tgz",
      "integrity": "sha512-HwUSypEW4mfOpiakJ7dm6TAKf+3zuSR2xm0I0XMes493rtA3n4EVMvQyldrp23hUwCE3RFj8oncyU1E8iNC4ag==",
      "requires": {
        "@babel/runtime": "^7.10.1",
        "classnames": "2.x",
        "rc-motion": "^2.9.0",
        "rc-util": "^5.20.1"
      }
    },
    "rc-overflow": {
      "version": "1.3.2",
      "resolved": "https://registry.npmjs.org/rc-overflow/-/rc-overflow-1.3.2.tgz",
      "integrity": "sha512-nsUm78jkYAoPygDAcGZeC2VwIg/IBGSodtOY3pMof4W3M9qRJgqaDYm03ZayHlde3I6ipliAxbN0RUcGf5KOzw==",
      "requires": {
        "@babel/runtime": "^7.11.1",
        "classnames": "^2.2.1",
        "rc-resize-observer": "^1.0.0",
        "rc-util": "^5.37.0"
      }
    },
    "rc-pagination": {
      "version": "3.6.1",
      "resolved": "https://registry.npmjs.org/rc-pagination/-/rc-pagination-3.6.1.tgz",
      "integrity": "sha512-R/sUnKKXx1Nm4kZfUKS3YKa7yEPF1ZkVB/AynQaHt+nMER7h9wPTfliDJFdYo+RM/nk2JD4Yc5QpUq8fIQHeug==",
      "requires": {
        "@babel/runtime": "^7.10.1",
        "classnames": "^2.2.1",
        "rc-util": "^5.32.2"
      }
    },
    "rc-picker": {
      "version": "3.14.5",
      "resolved": "https://registry.npmjs.org/rc-picker/-/rc-picker-3.14.5.tgz",
      "integrity": "sha512-h0O8b5AYfWwHSRUUH/9F2oBXB5gZerHIyGG6z2r5rn/kfSQodyCXEO4GNqrG30iUC1qkvLFIOn/JqI4XaO0+2A==",
      "requires": {
        "@babel/runtime": "^7.10.1",
        "@rc-component/trigger": "^1.5.0",
        "classnames": "^2.2.1",
        "rc-util": "^5.30.0"
      }
    },
    "rc-progress": {
      "version": "3.5.1",
      "resolved": "https://registry.npmjs.org/rc-progress/-/rc-progress-3.5.1.tgz",
      "integrity": "sha512-V6Amx6SbLRwPin/oD+k1vbPrO8+9Qf8zW1T8A7o83HdNafEVvAxPV5YsgtKFP+Ud5HghLj33zKOcEHrcrUGkfw==",
      "requires": {
        "@babel/runtime": "^7.10.1",
        "classnames": "^2.2.6",
        "rc-util": "^5.16.1"
      }
    },
    "rc-rate": {
      "version": "2.12.0",
      "resolved": "https://registry.npmjs.org/rc-rate/-/rc-rate-2.12.0.tgz",
      "integrity": "sha512-g092v5iZCdVzbjdn28FzvWebK2IutoVoiTeqoLTj9WM7SjA/gOJIw5/JFZMRyJYYVe1jLAU2UhAfstIpCNRozg==",
      "requires": {
        "@babel/runtime": "^7.10.1",
        "classnames": "^2.2.5",
        "rc-util": "^5.0.1"
      }
    },
    "rc-resize-observer": {
      "version": "1.3.1",
      "resolved": "https://registry.npmjs.org/rc-resize-observer/-/rc-resize-observer-1.3.1.tgz",
      "integrity": "sha512-iFUdt3NNhflbY3mwySv5CA1TC06zdJ+pfo0oc27xpf4PIOvfZwZGtD9Kz41wGYqC4SLio93RVAirSSpYlV/uYg==",
      "requires": {
        "@babel/runtime": "^7.20.7",
        "classnames": "^2.2.1",
        "rc-util": "^5.27.0",
        "resize-observer-polyfill": "^1.5.1"
      }
    },
    "rc-segmented": {
      "version": "2.2.2",
      "resolved": "https://registry.npmjs.org/rc-segmented/-/rc-segmented-2.2.2.tgz",
      "integrity": "sha512-Mq52M96QdHMsNdE/042ibT5vkcGcD5jxKp7HgPC2SRofpia99P5fkfHy1pEaajLMF/kj0+2Lkq1UZRvqzo9mSA==",
      "requires": {
        "@babel/runtime": "^7.11.1",
        "classnames": "^2.2.1",
        "rc-motion": "^2.4.4",
        "rc-util": "^5.17.0"
      }
    },
    "rc-select": {
      "version": "14.9.1",
      "resolved": "https://registry.npmjs.org/rc-select/-/rc-select-14.9.1.tgz",
      "integrity": "sha512-vORdRgOXOIHLanzYi+vpDGydk6eyXT/XZS21PpRlhBTMaieK4JhkGQX2RO8QwFv/gFMjv0QInIgyM+0zmUeIjw==",
      "requires": {
        "@babel/runtime": "^7.10.1",
        "@rc-component/trigger": "^1.5.0",
        "classnames": "2.x",
        "rc-motion": "^2.0.1",
        "rc-overflow": "^1.3.1",
        "rc-util": "^5.16.1",
        "rc-virtual-list": "^3.5.2"
      }
    },
    "rc-slider": {
      "version": "10.3.1",
      "resolved": "https://registry.npmjs.org/rc-slider/-/rc-slider-10.3.1.tgz",
      "integrity": "sha512-XszsZLkbjcG9ogQy/zUC0n2kndoKUAnY/Vnk1Go5Gx+JJQBz0Tl15d5IfSiglwBUZPS9vsUJZkfCmkIZSqWbcA==",
      "requires": {
        "@babel/runtime": "^7.10.1",
        "classnames": "^2.2.5",
        "rc-util": "^5.27.0"
      }
    },
    "rc-steps": {
      "version": "6.0.1",
      "resolved": "https://registry.npmjs.org/rc-steps/-/rc-steps-6.0.1.tgz",
      "integrity": "sha512-lKHL+Sny0SeHkQKKDJlAjV5oZ8DwCdS2hFhAkIjuQt1/pB81M0cA0ErVFdHq9+jmPmFw1vJB2F5NBzFXLJxV+g==",
      "requires": {
        "@babel/runtime": "^7.16.7",
        "classnames": "^2.2.3",
        "rc-util": "^5.16.1"
      }
    },
    "rc-switch": {
      "version": "4.1.0",
      "resolved": "https://registry.npmjs.org/rc-switch/-/rc-switch-4.1.0.tgz",
      "integrity": "sha512-TI8ufP2Az9oEbvyCeVE4+90PDSljGyuwix3fV58p7HV2o4wBnVToEyomJRVyTaZeqNPAp+vqeo4Wnj5u0ZZQBg==",
      "requires": {
        "@babel/runtime": "^7.21.0",
        "classnames": "^2.2.1",
        "rc-util": "^5.30.0"
      }
    },
    "rc-table": {
      "version": "7.34.4",
      "resolved": "https://registry.npmjs.org/rc-table/-/rc-table-7.34.4.tgz",
      "integrity": "sha512-os+i88Y2AO/6dNkOgJkKSHgXYaZZGnuOEEe+nyaq5IRgvAQNhLysUjXt2objtBeFDEZR8TqXrajwBNRUwunmdw==",
      "requires": {
        "@babel/runtime": "^7.10.1",
        "@rc-component/context": "^1.4.0",
        "classnames": "^2.2.5",
        "rc-resize-observer": "^1.1.0",
        "rc-util": "^5.36.0",
        "rc-virtual-list": "^3.11.1"
      }
    },
    "rc-tabs": {
      "version": "12.12.1",
      "resolved": "https://registry.npmjs.org/rc-tabs/-/rc-tabs-12.12.1.tgz",
      "integrity": "sha512-e10VBjEkECdPl4XZSs9to81SE+mgclBTM7J8/LMsFqmJoi05Tci91bRnmeeDtrcOCx2PuZdJv57XUlC4d8PEIw==",
      "requires": {
        "@babel/runtime": "^7.11.2",
        "classnames": "2.x",
        "rc-dropdown": "~4.1.0",
        "rc-menu": "~9.12.0",
        "rc-motion": "^2.6.2",
        "rc-resize-observer": "^1.0.0",
        "rc-util": "^5.34.1"
      }
    },
    "rc-textarea": {
      "version": "1.4.0",
      "resolved": "https://registry.npmjs.org/rc-textarea/-/rc-textarea-1.4.0.tgz",
      "integrity": "sha512-CiqK+uyoJlnfufbC0kwfHJpfElhQacuDSNyNQ/xGnA/QMaJLDbgmqRT8QmX0T0KD/ws/hy6qqRaGJSsrRR5uiQ==",
      "requires": {
        "@babel/runtime": "^7.10.1",
        "classnames": "^2.2.1",
        "rc-input": "~1.2.1",
        "rc-resize-observer": "^1.0.0",
        "rc-util": "^5.27.0"
      }
    },
    "rc-tooltip": {
      "version": "6.1.1",
      "resolved": "https://registry.npmjs.org/rc-tooltip/-/rc-tooltip-6.1.1.tgz",
      "integrity": "sha512-YoxL0Ev4htsX37qgN23eKr0L5PIRpZaLVL9GX6aJ4x6UEnwgXZYUNCAEHfKlKT3eD1felDq3ob4+Cn9lprLDBw==",
      "requires": {
        "@babel/runtime": "^7.11.2",
        "@rc-component/trigger": "^1.17.0",
        "classnames": "^2.3.1"
      }
    },
    "rc-tree": {
      "version": "5.7.12",
      "resolved": "https://registry.npmjs.org/rc-tree/-/rc-tree-5.7.12.tgz",
      "integrity": "sha512-LXA5nY2hG5koIAlHW5sgXgLpOMz+bFRbnZZ+cCg0tQs4Wv1AmY7EDi1SK7iFXhslYockbqUerQan82jljoaItg==",
      "requires": {
        "@babel/runtime": "^7.10.1",
        "classnames": "2.x",
        "rc-motion": "^2.0.1",
        "rc-util": "^5.16.1",
        "rc-virtual-list": "^3.5.1"
      }
    },
    "rc-tree-select": {
      "version": "5.13.0",
      "resolved": "https://registry.npmjs.org/rc-tree-select/-/rc-tree-select-5.13.0.tgz",
      "integrity": "sha512-g01JU9EdE7j/9KfDKtmvFqJ7ZDNIYDzkpmAXllbTBFoRNhWJBjW1x/dCZLVG+IdZeIz8SKJkgZzCf1CUZrzV/Q==",
      "requires": {
        "@babel/runtime": "^7.10.1",
        "classnames": "2.x",
        "rc-select": "~14.9.0",
        "rc-tree": "~5.7.0",
        "rc-util": "^5.16.1"
      }
    },
    "rc-upload": {
      "version": "4.3.5",
      "resolved": "https://registry.npmjs.org/rc-upload/-/rc-upload-4.3.5.tgz",
      "integrity": "sha512-EHlKJbhkgFSQHliTj9v/2K5aEuFwfUQgZARzD7AmAPOneZEPiCNF3n6PEWIuqz9h7oq6FuXgdR67sC5BWFxJbA==",
      "requires": {
        "@babel/runtime": "^7.18.3",
        "classnames": "^2.2.5",
        "rc-util": "^5.2.0"
      }
    },
    "rc-util": {
      "version": "5.38.0",
      "resolved": "https://registry.npmjs.org/rc-util/-/rc-util-5.38.0.tgz",
      "integrity": "sha512-yV/YBNdFn+edyBpBdCqkPE29Su0jWcHNgwx2dJbRqMrMfrUcMJUjCRV+ZPhcvWyKFJ63GzEerPrz9JIVo0zXmA==",
      "requires": {
        "@babel/runtime": "^7.18.3",
        "react-is": "^18.2.0"
      }
    },
    "rc-virtual-list": {
      "version": "3.11.2",
      "resolved": "https://registry.npmjs.org/rc-virtual-list/-/rc-virtual-list-3.11.2.tgz",
      "integrity": "sha512-MTFLL2LOHr3+/+r+WjTIs6j8XmJE6EqdOsJvCH8SWig7qyik3aljCEImUtw5tdWR0tQhXUfbv7P7nZaLY91XPg==",
      "requires": {
        "@babel/runtime": "^7.20.0",
        "classnames": "^2.2.6",
        "rc-resize-observer": "^1.0.0",
        "rc-util": "^5.36.0"
      }
    },
    "react-is": {
      "version": "18.2.0",
      "resolved": "https://registry.npmjs.org/react-is/-/react-is-18.2.0.tgz",
      "integrity": "sha512-xWGDIW6x921xtzPkhiULtthJHoJvBbF3q26fzloPCK0hsvxtPVelvftw3zjbHWSkR2km9Z+4uxbDDK/6Zw9B8w=="
    },
    "regenerator-runtime": {
      "version": "0.14.0",
      "resolved": "https://registry.npmjs.org/regenerator-runtime/-/regenerator-runtime-0.14.0.tgz",
      "integrity": "sha512-srw17NI0TUWHuGa5CFGGmhfNIeja30WMBfbslPNhf6JrqQlLN5gcrvig1oqPxiVaXb0oW0XRKtH6Nngs5lKCIA=="
    },
    "resize-observer-polyfill": {
      "version": "1.5.1",
      "resolved": "https://registry.npmjs.org/resize-observer-polyfill/-/resize-observer-polyfill-1.5.1.tgz",
      "integrity": "sha512-LwZrotdHOo12nQuZlHEmtuXdqGoOD0OhaxopaNFxWzInpEgaLWoVuAMbTzixuosCx2nEG58ngzW3vxdWoxIgdg=="
    },
    "resolve-alpn": {
      "version": "1.2.1",
      "resolved": "https://registry.npmjs.org/resolve-alpn/-/resolve-alpn-1.2.1.tgz",
      "integrity": "sha512-0a1F4l73/ZFZOakJnQ3FvkJ2+gSTQWz/r2KE5OdDY0TxPm5h4GkqkWWfM47T7HsbnOtcJVEF4epCVy6u7Q3K+g=="
    },
    "responselike": {
      "version": "2.0.1",
      "resolved": "https://registry.npmjs.org/responselike/-/responselike-2.0.1.tgz",
      "integrity": "sha512-4gl03wn3hj1HP3yzgdI7d3lCkF95F21Pz4BPGvKHinyQzALR5CapwC8yIi0Rh58DEMQ/SguC03wFj2k0M/mHhw==",
      "requires": {
        "lowercase-keys": "^2.0.0"
      }
    },
    "scroll-into-view-if-needed": {
      "version": "3.1.0",
      "resolved": "https://registry.npmjs.org/scroll-into-view-if-needed/-/scroll-into-view-if-needed-3.1.0.tgz",
      "integrity": "sha512-49oNpRjWRvnU8NyGVmUaYG4jtTkNonFZI86MmGRDqBphEK2EXT9gdEUoQPZhuBM8yWHxCWbobltqYO5M4XrUvQ==",
      "requires": {
        "compute-scroll-into-view": "^3.0.2"
      }
    },
    "source-map": {
      "version": "0.6.1",
      "resolved": "https://registry.npmjs.org/source-map/-/source-map-0.6.1.tgz",
      "integrity": "sha512-UjgapumWlbMhkBgzT7Ykc5YXUT46F0iKu8SGXq0bcwP5dz/h0Plj6enJqjz1Zbq2l5WaqYnrVbwWOWMyF3F47g=="
    },
    "source-map-js": {
      "version": "1.0.2",
      "resolved": "https://registry.npmjs.org/source-map-js/-/source-map-js-1.0.2.tgz",
      "integrity": "sha512-R0XvVJ9WusLiqTCEiGCmICCMplcCkIwwR11mOSD9CR5u+IXYdiseeEuXCVAjS54zqwkLcPNnmU4OeJ6tUrWhDw=="
    },
    "string-convert": {
      "version": "0.2.1",
      "resolved": "https://registry.npmjs.org/string-convert/-/string-convert-0.2.1.tgz",
      "integrity": "sha512-u/1tdPl4yQnPBjnVrmdLo9gtuLvELKsAoRapekWggdiQNvvvum+jYF329d84NAa660KQw7pB2n36KrIKVoXa3A=="
    },
    "stylis": {
      "version": "4.3.0",
      "resolved": "https://registry.npmjs.org/stylis/-/stylis-4.3.0.tgz",
      "integrity": "sha512-E87pIogpwUsUwXw7dNyU4QDjdgVMy52m+XEOPEKUn161cCzWjjhPSQhByfd1CcNvrOLnXQ6OnnZDwnJrz/Z4YQ=="
    },
    "swiper": {
      "version": "3.4.2",
      "resolved": "https://registry.npmjs.org/swiper/-/swiper-3.4.2.tgz",
      "integrity": "sha512-bXolyzBIawQRluQwFbN8DYpe6Q02bKJ2/h4JV+6dzN/WX8a8ZFPa+F0o8z7hEHSyh2NzKkTWaogaTZYVfgmKTw=="
    },
    "throttle-debounce": {
      "version": "5.0.0",
      "resolved": "https://registry.npmjs.org/throttle-debounce/-/throttle-debounce-5.0.0.tgz",
      "integrity": "sha512-2iQTSgkkc1Zyk0MeVrt/3BvuOXYPl/R8Z0U2xxo9rjwNciaHDG3R+Lm6dh4EeUci49DanvBnuqI6jshoQQRGEg=="
    },
    "toggle-selection": {
      "version": "1.0.6",
      "resolved": "https://registry.npmjs.org/toggle-selection/-/toggle-selection-1.0.6.tgz",
      "integrity": "sha512-BiZS+C1OS8g/q2RRbJmy59xpyghNBqrr6k5L/uKBGRsTfxmu3ffiRnd8mlGPUVayg8pvfi5urfnu8TU7DVOkLQ=="
    },
    "undici-types": {
      "version": "5.25.3",
      "resolved": "https://registry.npmjs.org/undici-types/-/undici-types-5.25.3.tgz",
      "integrity": "sha512-Ga1jfYwRn7+cP9v8auvEXN1rX3sWqlayd4HP7OKk4mZWylEmu3KzXDUGrQUN6Ol7qo1gPvB2e5gX6udnyEPgdA=="
    },
    "vue": {
      "version": "2.7.14",
      "resolved": "https://registry.npmjs.org/vue/-/vue-2.7.14.tgz",
      "integrity": "sha512-b2qkFyOM0kwqWFuQmgd4o+uHGU7T+2z3T+WQp8UBjADfEv2n4FEMffzBmCKNP0IGzOEEfYjvtcC62xaSKeQDrQ==",
      "requires": {
        "@vue/compiler-sfc": "2.7.14",
        "csstype": "^3.1.0"
      }
    },
    "vue-awesome-swiper": {
      "version": "2.6.7",
      "resolved": "https://registry.npmjs.org/vue-awesome-swiper/-/vue-awesome-swiper-2.6.7.tgz",
      "integrity": "sha512-kUmCds5HTcV9Uz0eYnvajbxpVgAKQFrX0r+akk8XtuUouI5e2ImhO7aZ8iVhTLE4hwKwoyFP8jekAa0JlNqifA==",
      "requires": {
        "swiper": "^3.4.2"
      }
    },
    "vue-lazyload": {
      "version": "1.3.5",
      "resolved": "https://registry.npmjs.org/vue-lazyload/-/vue-lazyload-1.3.5.tgz",
      "integrity": "sha512-SCO/LWgCCbjaregHO4wg2buzITBdPBZRlIS104vERGpT88uxXsK26veuzZpgGAXMR8WpkaR+JDqz80OedpaLiA=="
    },
    "vue-resource": {
      "version": "1.5.3",
      "resolved": "https://registry.npmjs.org/vue-resource/-/vue-resource-1.5.3.tgz",
      "integrity": "sha512-REhTuEuYSpwmEH/VN4fgDQVC/VXxDK/xsguuiDPnINxOwy1s0CSu//p++osTUkiAXi6d/vptwBpb0AcBIDsXzw==",
      "requires": {
        "got": ">=8.0 <12.0"
      }
    },
    "vue-router": {
      "version": "2.8.1",
      "resolved": "https://registry.npmjs.org/vue-router/-/vue-router-2.8.1.tgz",
      "integrity": "sha512-MC4jacHBhTPKtmcfzvaj2N7g6jgJ/Z/eIjZdt+yUaUOM1iKC0OUIlO/xCtz6OZFFTNUJs/1YNro2GN/lE+nOXA=="
    },
    "vue-swipe": {
      "version": "2.4.0",
      "resolved": "https://registry.npmjs.org/vue-swipe/-/vue-swipe-2.4.0.tgz",
      "integrity": "sha512-0N5gOED0XF/KsyeF7mT+52J2hGdnHx47xiBbVlZjCxzOyLHWX03W2/G4VhC7bvlMZO7kMt9I/rMPwKZhmk1XTQ==",
      "requires": {
        "wind-dom": "0.0.3"
      }
    },
    "vue2": {
      "version": "1.0.0",
      "resolved": "https://registry.npmjs.org/vue2/-/vue2-1.0.0.tgz",
      "integrity": "sha512-4Tl/kG0Odt7Xl8m6N1ZJ44HNfJfKyB1ajMCVDNgFm34XbQReWPpF3xbCWf5L3LxvWncoyyoCyujBdSPMI90z9Q==",
      "requires": {
        "js-cookie": "^2.1.4",
        "md5": "^2.2.1",
        "mint-ui": "^2.2.7",
        "vue": "^2.0.3",
        "vue-awesome-swiper": "^2.4.2",
        "vue-resource": "^1.0.3",
        "vue-router": "^2.0.0",
        "vue-swipe": "^2.0.0"
      }
    },
    "wind-dom": {
      "version": "0.0.3",
      "resolved": "https://registry.npmjs.org/wind-dom/-/wind-dom-0.0.3.tgz",
      "integrity": "sha512-TlL8trn5lguxKs2O9smpnWC8Ti8rvWP1p7A+k+0DKP9mPRwFzYuijebE1I5BbbklAoBlBS1nwT8ng2DZI51tQg=="
    },
    "wrappy": {
      "version": "1.0.2",
      "resolved": "https://registry.npmjs.org/wrappy/-/wrappy-1.0.2.tgz",
      "integrity": "sha512-l4Sp/DRseor9wL6EvV2+TuQn63dMkPjZ/sp9XkghTEbV9KlPS1xUsZ3u7/IQO4wxtcFB4bgpQPRcR3QCvezPcQ=="
    }
  }
}
